// !$*UTF8*$!
{
	archiveVersion = 1;
	classes = {
	};
	objectVersion = 48;
	objects = {

/* Begin PBXGroup section */
		02A6EDDC1FEE3434007F5F44 = {
			isa = PBXGroup;
			children = (
			);
			sourceTree = "<group>";
		};
/* End PBXGroup section */

/* Begin PBXProject section */
		02A6EDDD1FEE3434007F5F44 /* Project object */ = {
			isa = PBXProject;
			attributes = {
				LastUpgradeCheck = 0910;
			};
			buildConfigurationList = 02A6EDE01FEE3434007F5F44 /* Build configuration list for PBXProject "harp_pas" */;
			compatibilityVersion = "Xcode 8.0";
			developmentRegion = en;
			hasScannedForEncodings = 0;
			knownRegions = (
				en,
			);
			mainGroup = 02A6EDDC1FEE3434007F5F44;
			projectDirPath = "";
			projectRoot = "";
			targets = (
			);
		};
/* End PBXProject section */

/* Begin XCBuildConfiguration section */
		02A6EDE11FEE3434007F5F44 /* Debug */ = {
			isa = XCBuildConfiguration;
			buildSettings = {
			};
			name = Debug;
		};
		02A6EDE21FEE3434007F5F44 /* Release */ = {
			isa = XCBuildConfiguration;
			buildSettings = {
			};
			name = Release;
		};
/* End XCBuildConfiguration section */

/* Begin XCConfigurationList section */
		02A6EDE01FEE3434007F5F44 /* Build configuration list for PBXProject "harp_pas" */ = {
			isa = XCConfigurationList;
			buildConfigurations = (
				02A6EDE11FEE3434007F5F44 /* Debug */,
				02A6EDE21FEE3434007F5F44 /* Release */,
			);
			defaultConfigurationIsVisible = 0;
			defaultConfigurationName = Release;
		};
/* End XCConfigurationList section */
	};
	rootObject = 02A6EDDD1FEE3434007F5F44 /* Project object */;
}
